
Microsoft Visual Studio Solution File, Format Version 12.00
# Visual Studio Version 17
VisualStudioVersion = 17.14.37328.6 d17.14
MinimumVisualStudioVersion = 10.0.40219.1
Project("{FAE04EC0-301F-11D3-BF4B-00C04F79EFBC}") = "StudentCoreEx1", "StudentCoreEx1\StudentCoreEx1.csproj", "{7BC6F461-E614-45F8-B60B-184A66661E99}"
EndProject
Global
	GlobalSection(SolutionConfigurationPlatforms) = preSolution
		Debug|Any CPU = Debug|Any CPU
		Release|Any CPU = Release|Any CPU
	EndGlobalSection
	GlobalSection(ProjectConfigurationPlatforms) = postSolution
		{7BC6F461-E614-45F8-B60B-184A66661E99}.Debug|Any CPU.ActiveCfg = Debug|Any CPU
		{7BC6F461-E614-45F8-B60B-184A66661E99}.Debug|Any CPU.Build.0 = Debug|Any CPU
		{7BC6F461-E614-45F8-B60B-184A66661E99}.Release|Any CPU.ActiveCfg = Release|Any CPU
		{7BC6F461-E614-45F8-B60B-184A66661E99}.Release|Any CPU.Build.0 = Release|Any CPU
	EndGlobalSection
	GlobalSection(SolutionProperties) = preSolution
		HideSolutionNode = FALSE
	EndGlobalSection
	GlobalSection(ExtensibilityGlobals) = postSolution
		SolutionGuid = {629AD338-06C2-46CA-90E8-FB6EA7E81B88}
	EndGlobalSection
EndGlobal
